
Microsoft Visual Studio Solution File, Format Version 12.00
# Visual Studio Version 16
VisualStudioVersion = 16.0.30114.105
MinimumVisualStudioVersion = 10.0.40219.1
Project("{FAE04EC0-301F-11D3-BF4B-00C04F79EFBC}") = "Web", "Web\Web.csproj", "{E04DA953-B169-4FE5-8EC8-231BF294FC36}"
EndProject
Project("{FAE04EC0-301F-11D3-BF4B-00C04F79EFBC}") = "Application", "Application\Application.csproj", "{6BBE2499-3D16-4200-8BCB-DBD49AE6F28B}"
EndProject
Project("{FAE04EC0-301F-11D3-BF4B-00C04F79EFBC}") = "Infrastructure", "Infrastructure\Infrastructure.csproj", "{A7465450-1324-43DF-8AFA-21CB6A35B11D}"
EndProject
Global
	GlobalSection(SolutionConfigurationPlatforms) = preSolution
		Debug|Any CPU = Debug|Any CPU
		Release|Any CPU = Release|Any CPU
	EndGlobalSection
	GlobalSection(SolutionProperties) = preSolution
		HideSolutionNode = FALSE
	EndGlobalSection
	GlobalSection(ProjectConfigurationPlatforms) = postSolution
		{E04DA953-B169-4FE5-8EC8-231BF294FC36}.Debug|Any CPU.ActiveCfg = Debug|Any CPU
		{E04DA953-B169-4FE5-8EC8-231BF294FC36}.Debug|Any CPU.Build.0 = Debug|Any CPU
		{E04DA953-B169-4FE5-8EC8-231BF294FC36}.Release|Any CPU.ActiveCfg = Release|Any CPU
		{E04DA953-B169-4FE5-8EC8-231BF294FC36}.Release|Any CPU.Build.0 = Release|Any CPU
		{6BBE2499-3D16-4200-8BCB-DBD49AE6F28B}.Debug|Any CPU.ActiveCfg = Debug|Any CPU
		{6BBE2499-3D16-4200-8BCB-DBD49AE6F28B}.Debug|Any CPU.Build.0 = Debug|Any CPU
		{6BBE2499-3D16-4200-8BCB-DBD49AE6F28B}.Release|Any CPU.ActiveCfg = Release|Any CPU
		{6BBE2499-3D16-4200-8BCB-DBD49AE6F28B}.Release|Any CPU.Build.0 = Release|Any CPU
		{A7465450-1324-43DF-8AFA-21CB6A35B11D}.Debug|Any CPU.ActiveCfg = Debug|Any CPU
		{A7465450-1324-43DF-8AFA-21CB6A35B11D}.Debug|Any CPU.Build.0 = Debug|Any CPU
		{A7465450-1324-43DF-8AFA-21CB6A35B11D}.Release|Any CPU.ActiveCfg = Release|Any CPU
		{A7465450-1324-43DF-8AFA-21CB6A35B11D}.Release|Any CPU.Build.0 = Release|Any CPU
	EndGlobalSection
EndGlobal
